// !$*UTF8*$!
{
	archiveVersion = 1;
	classes = {
	};
	objectVersion = 48;
	objects = {

/* Begin PBXBuildFile section */
		30213C6B1FA30085003DDBFF /* AppDelegate.m in Sources */ = {isa = PBXBuildFile; fileRef = 30213C6A1FA30085003DDBFF /* AppDelegate.m */; };
		30213C6E1FA30085003DDBFF /* ViewController.m in Sources */ = {isa = PBXBuildFile; fileRef = 30213C6D1FA30085003DDBFF /* ViewController.m */; };
		30213C711FA30085003DDBFF /* Main.storyboard in Resources */ = {isa = PBXBuildFile; fileRef = 30213C6F1FA30085003DDBFF /* Main.storyboard */; };
		30213C731FA30085003DDBFF /* Assets.xcassets in Resources */ = {isa = PBXBuildFile; fileRef = 30213C721FA30085003DDBFF /* Assets.xcassets */; };
		30213C761FA30085003DDBFF /* LaunchScreen.storyboard in Resources */ = {isa = PBXBuildFile; fileRef = 30213C741FA30085003DDBFF /* LaunchScreen.storyboard */; };
		30213C791FA30085003DDBFF /* main.m in Sources */ = {isa = PBXBuildFile; fileRef = 30213C781FA30085003DDBFF /* main.m */; };
		30213C811FA32D3F003DDBFF /* JFTPhotosLoader.m in Sources */ = {isa = PBXBuildFile; fileRef = 30213C801FA32D3F003DDBFF /* JFTPhotosLoader.m */; };
/* End PBXBuildFile section */

/* Begin PBXFileReference section */
		30213C661FA30085003DDBFF /* JFTFaceDetection.app */ = {isa = PBXFileReference; explicitFileType = wrapper.application; includeInIndex = 0; path = JFTFaceDetection.app; sourceTree = BUILT_PRODUCTS_DIR; };
		30213C691FA30085003DDBFF /* AppDelegate.h */ = {isa = PBXFileReference; lastKnownFileType = sourcecode.c.h; path = AppDelegate.h; sourceTree = "<group>"; };
		30213C6A1FA30085003DDBFF /* AppDelegate.m */ = {isa = PBXFileReference; lastKnownFileType = sourcecode.c.objc; path = AppDelegate.m; sourceTree = "<group>"; };
		30213C6C1FA30085003DDBFF /* ViewController.h */ = {isa = PBXFileReference; lastKnownFileType = sourcecode.c.h; path = ViewController.h; sourceTree = "<group>"; };
		30213C6D1FA30085003DDBFF /* ViewController.m */ = {isa = PBXFileReference; lastKnownFileType = sourcecode.c.objc; path = ViewController.m; sourceTree = "<group>"; };
		30213C701FA30085003DDBFF /* Base */ = {isa = PBXFileReference; lastKnownFileType = file.storyboard; name = Base; path = Base.lproj/Main.storyboard; sourceTree = "<group>"; };
		30213C721FA30085003DDBFF /* Assets.xcassets */ = {isa = PBXFileReference; lastKnownFileType = folder.assetcatalog; path = Assets.xcassets; sourceTree = "<group>"; };
		30213C751FA30085003DDBFF /* Base */ = {isa = PBXFileReference; lastKnownFileType = file.storyboard; name = Base; path = Base.lproj/LaunchScreen.storyboard; sourceTree = "<group>"; };
		30213C771FA30085003DDBFF /* Info.plist */ = {isa = PBXFileReference; lastKnownFileType = text.plist.xml; path = Info.plist; sourceTree = "<group>"; };
		30213C781FA30085003DDBFF /* main.m */ = {isa = PBXFileReference; lastKnownFileType = sourcecode.c.objc; path = main.m; sourceTree = "<group>"; };
		30213C7F1FA32D3F003DDBFF /* JFTPhotosLoader.h */ = {isa = PBXFileReference; lastKnownFileType = sourcecode.c.h; path = JFTPhotosLoader.h; sourceTree = "<group>"; };
		30213C801FA32D3F003DDBFF /* JFTPhotosLoader.m */ = {isa = PBXFileReference; lastKnownFileType = sourcecode.c.objc; path = JFTPhotosLoader.m; sourceTree = "<group>"; };
/* End PBXFileReference section */

/* Begin PBXFrameworksBuildPhase section */
		30213C631FA30085003DDBFF /* Frameworks */ = {
			isa = PBXFrameworksBuildPhase;
			buildActionMask = 2147483647;
			files = (
			);
			runOnlyForDeploymentPostprocessing = 0;
		};
/* End PBXFrameworksBuildPhase section */

/* Begin PBXGroup section */
		30213C5D1FA30085003DDBFF = {
			isa = PBXGroup;
			children = (
				30213C681FA30085003DDBFF /* JFTFaceDetection */,
				30213C671FA30085003DDBFF /* Products */,
			);
			sourceTree = "<group>";
		};
		30213C671FA30085003DDBFF /* Products */ = {
			isa = PBXGroup;
			children = (
				30213C661FA30085003DDBFF /* JFTFaceDetection.app */,
			);
			name = Products;
			sourceTree = "<group>";
		};
		30213C681FA30085003DDBFF /* JFTFaceDetection */ = {
			isa = PBXGroup;
			children = (
				30213C691FA30085003DDBFF /* AppDelegate.h */,
				30213C6A1FA30085003DDBFF /* AppDelegate.m */,
				30213C6C1FA30085003DDBFF /* ViewController.h */,
				30213C6D1FA30085003DDBFF /* ViewController.m */,
				30213C6F1FA30085003DDBFF /* Main.storyboard */,
				30213C721FA30085003DDBFF /* Assets.xcassets */,
				30213C741FA30085003DDBFF /* LaunchScreen.storyboard */,
				30213C771FA30085003DDBFF /* Info.plist */,
				30213C781FA30085003DDBFF /* main.m */,
				30213C7F1FA32D3F003DDBFF /* JFTPhotosLoader.h */,
				30213C801FA32D3F003DDBFF /* JFTPhotosLoader.m */,
			);
			path = JFTFaceDetection;
			sourceTree = "<group>";
		};
/* End PBXGroup section */

/* Begin PBXNativeTarget section */
		30213C651FA30085003DDBFF /* JFTFaceDetection */ = {
			isa = PBXNativeTarget;
			buildConfigurationList = 30213C7C1FA30085003DDBFF /* Build configuration list for PBXNativeTarget "JFTFaceDetection" */;
			buildPhases = (
				30213C621FA30085003DDBFF /* Sources */,
				30213C631FA30085003DDBFF /* Frameworks */,
				30213C641FA30085003DDBFF /* Resources */,
			);
			buildRules = (
			);
			dependencies = (
			);
			name = JFTFaceDetection;
			productName = JFTFaceDetection;
			productReference = 30213C661FA30085003DDBFF /* JFTFaceDetection.app */;
			productType = "com.apple.product-type.application";
		};
/* End PBXNativeTarget section */

/* Begin PBXProject section */
		30213C5E1FA30085003DDBFF /* Project object */ = {
			isa = PBXProject;
			attributes = {
				LastUpgradeCheck = 0910;
				ORGANIZATIONNAME = syfll;
				TargetAttributes = {
					30213C651FA30085003DDBFF = {
						CreatedOnToolsVersion = 9.1;
						ProvisioningStyle = Automatic;
					};
				};
			};
			buildConfigurationList = 30213C611FA30085003DDBFF /* Build configuration list for PBXProject "JFTFaceDetection" */;
			compatibilityVersion = "Xcode 8.0";
			developmentRegion = en;
			hasScannedForEncodings = 0;
			knownRegions = (
				en,
				Base,
			);
			mainGroup = 30213C5D1FA30085003DDBFF;
			productRefGroup = 30213C671FA30085003DDBFF /* Products */;
			projectDirPath = "";
			projectRoot = "";
			targets = (
				30213C651FA30085003DDBFF /* JFTFaceDetection */,
			);
		};
/* End PBXProject section */

/* Begin PBXResourcesBuildPhase section */
		30213C641FA30085003DDBFF /* Resources */ = {
			isa = PBXResourcesBuildPhase;
			buildActionMask = 2147483647;
			files = (
				30213C761FA30085003DDBFF /* LaunchScreen.storyboard in Resources */,
				30213C731FA30085003DDBFF /* Assets.xcassets in Resources */,
				30213C711FA30085003DDBFF /* Main.storyboard in Resources */,
			);
			runOnlyForDeploymentPostprocessing = 0;
		};
/* End PBXResourcesBuildPhase section */

/* Begin PBXSourcesBuildPhase section */
		30213C621FA30085003DDBFF /* Sources */ = {
			isa = PBXSourcesBuildPhase;
			buildActionMask = 2147483647;
			files = (
				30213C811FA32D3F003DDBFF /* JFTPhotosLoader.m in Sources */,
				30213C6E1FA30085003DDBFF /* ViewController.m in Sources */,
				30213C791FA30085003DDBFF /* main.m in Sources */,
				30213C6B1FA30085003DDBFF /* AppDelegate.m in Sources */,
			);
			runOnlyForDeploymentPostprocessing = 0;
		};
/* End PBXSourcesBuildPhase section */

/* Begin PBXVariantGroup section */
		30213C6F1FA30085003DDBFF /* Main.storyboard */ = {
			isa = PBXVariantGroup;
			children = (
				30213C701FA30085003DDBFF /* Base */,
			);
			name = Main.storyboard;
			sourceTree = "<group>";
		};
		30213C741FA30085003DDBFF /* LaunchScreen.storyboard */ = {
			isa = PBXVariantGroup;
			children = (
				30213C751FA30085003DDBFF /* Base */,
			);
			name = LaunchScreen.storyboard;
			sourceTree = "<group>";
		};
/* End PBXVariantGroup section */

/* Begin XCBuildConfiguration section */
		30213C7A1FA30085003DDBFF /* Debug */ = {
			isa = XCBuildConfiguration;
			buildSettings = {
				ALWAYS_SEARCH_USER_PATHS = NO;
				CLANG_ANALYZER_NONNULL = YES;
				CLANG_ANALYZER_NUMBER_OBJECT_CONVERSION = YES_AGGRESSIVE;
				CLANG_CXX_LANGUAGE_STANDARD = "gnu++14";
				CLANG_CXX_LIBRARY = "libc++";
				CLANG_ENABLE_MODULES = YES;
				CLANG_ENABLE_OBJC_ARC = YES;
				CLANG_WARN_BLOCK_CAPTURE_AUTORELEASING = YES;
				CLANG_WARN_BOOL_CONVERSION = YES;
				CLANG_WARN_COMMA = YES;
				CLANG_WARN_CONSTANT_CONVERSION = YES;
				CLANG_WARN_DIRECT_OBJC_ISA_USAGE = YES_ERROR;
				CLANG_WARN_DOCUMENTATION_COMMENTS = YES;
				CLANG_WARN_EMPTY_BODY = YES;
				CLANG_WARN_ENUM_CONVERSION = YES;
				CLANG_WARN_INFINITE_RECURSION = YES;
				CLANG_WARN_INT_CONVERSION = YES;
				CLANG_WARN_NON_LITERAL_NULL_CONVERSION = YES;
				CLANG_WARN_OBJC_LITERAL_CONVERSION = YES;
				CLANG_WARN_OBJC_ROOT_CLASS = YES_ERROR;
				CLANG_WARN_RANGE_LOOP_ANALYSIS = YES;
				CLANG_WARN_STRICT_PROTOTYPES = YES;
				CLANG_WARN_SUSPICIOUS_MOVE = YES;
				CLANG_WARN_UNGUARDED_AVAILABILITY = YES_AGGRESSIVE;
				CLANG_WARN_UNREACHABLE_CODE = YES;
				CLANG_WARN__DUPLICATE_METHOD_MATCH = YES;
				CODE_SIGN_IDENTITY = "iPhone Developer";
				COPY_PHASE_STRIP = NO;
				DEBUG_INFORMATION_FORMAT = dwarf;
				ENABLE_STRICT_OBJC_MSGSEND = YES;
				ENABLE_TESTABILITY = YES;
				GCC_C_LANGUAGE_STANDARD = gnu11;
				GCC_DYNAMIC_NO_PIC = NO;
				GCC_NO_COMMON_BLOCKS = YES;
				GCC_OPTIMIZATION_LEVEL = 0;
				GCC_PREPROCESSOR_DEFINITIONS = (
					"DEBUG=1",
					"$(inherited)",
				);
				GCC_WARN_64_TO_32_BIT_CONVERSION = YES;
				GCC_WARN_ABOUT_RETURN_TYPE = YES_ERROR;
				GCC_WARN_UNDECLARED_SELECTOR = YES;
				GCC_WARN_UNINITIALIZED_AUTOS = YES_AGGRESSIVE;
				GCC_WARN_UNUSED_FUNCTION = YES;
				GCC_WARN_UNUSED_VARIABLE = YES;
				IPHONEOS_DEPLOYMENT_TARGET = 11.1;
				MTL_ENABLE_DEBUG_INFO = YES;
				ONLY_ACTIVE_ARCH = YES;
				SDKROOT = iphoneos;
			};
			name = Debug;
		};
		30213C7B1FA30085003DDBFF /* Release */ = {
			isa = XCBuildConfiguration;
			buildSettings = {
				ALWAYS_SEARCH_USER_PATHS = NO;
				CLANG_ANALYZER_NONNULL = YES;
				CLANG_ANALYZER_NUMBER_OBJECT_CONVERSION = YES_AGGRESSIVE;
				CLANG_CXX_LANGUAGE_STANDARD = "gnu++14";
				CLANG_CXX_LIBRARY = "libc++";
				CLANG_ENABLE_MODULES = YES;
				CLANG_ENABLE_OBJC_ARC = YES;
				CLANG_WARN_BLOCK_CAPTURE_AUTORELEASING = YES;
				CLANG_WARN_BOOL_CONVERSION = YES;
				CLANG_WARN_COMMA = YES;
				CLANG_WARN_CONSTANT_CONVERSION = YES;
				CLANG_WARN_DIRECT_OBJC_ISA_USAGE = YES_ERROR;
				CLANG_WARN_DOCUMENTATION_COMMENTS = YES;
				CLANG_WARN_EMPTY_BODY = YES;
				CLANG_WARN_ENUM_CONVERSION = YES;
				CLANG_WARN_INFINITE_RECURSION = YES;
				CLANG_WARN_INT_CONVERSION = YES;
				CLANG_WARN_NON_LITERAL_NULL_CONVERSION = YES;
				CLANG_WARN_OBJC_LITERAL_CONVERSION = YES;
				CLANG_WARN_OBJC_ROOT_CLASS = YES_ERROR;
				CLANG_WARN_RANGE_LOOP_ANALYSIS = YES;
				CLANG_WARN_STRICT_PROTOTYPES = YES;
				CLANG_WARN_SUSPICIOUS_MOVE = YES;
				CLANG_WARN_UNGUARDED_AVAILABILITY = YES_AGGRESSIVE;
				CLANG_WARN_UNREACHABLE_CODE = YES;
				CLANG_WARN__DUPLICATE_METHOD_MATCH = YES;
				CODE_SIGN_IDENTITY = "iPhone Developer";
				COPY_PHASE_STRIP = NO;
				DEBUG_INFORMATION_FORMAT = "dwarf-with-dsym";
				ENABLE_NS_ASSERTIONS = NO;
				ENABLE_STRICT_OBJC_MSGSEND = YES;
				GCC_C_LANGUAGE_STANDARD = gnu11;
				GCC_NO_COMMON_BLOCKS = YES;
				GCC_WARN_64_TO_32_BIT_CONVERSION = YES;
				GCC_WARN_ABOUT_RETURN_TYPE = YES_ERROR;
				GCC_WARN_UNDECLARED_SELECTOR = YES;
				GCC_WARN_UNINITIALIZED_AUTOS = YES_AGGRESSIVE;
				GCC_WARN_UNUSED_FUNCTION = YES;
				GCC_WARN_UNUSED_VARIABLE = YES;
				IPHONEOS_DEPLOYMENT_TARGET = 11.1;
				MTL_ENABLE_DEBUG_INFO = NO;
				SDKROOT = iphoneos;
				VALIDATE_PRODUCT = YES;
			};
			name = Release;
		};
		30213C7D1FA30085003DDBFF /* Debug */ = {
			isa = XCBuildConfiguration;
			buildSettings = {
				ASSETCATALOG_COMPILER_APPICON_NAME = AppIcon;
				CODE_SIGN_STYLE = Automatic;
				DEVELOPMENT_TEAM = 2NCX2WCTH8;
				INFOPLIST_FILE = JFTFaceDetection/Info.plist;
				LD_RUNPATH_SEARCH_PATHS = "$(inherited) @executable_path/Frameworks";
				PRODUCT_BUNDLE_IDENTIFIER = jft0m.JFTFaceDetection;
				PRODUCT_NAME = "$(TARGET_NAME)";
				TARGETED_DEVICE_FAMILY = "1,2";
			};
			name = Debug;
		};
		30213C7E1FA30085003DDBFF /* Release */ = {
			isa = XCBuildConfiguration;
			buildSettings = {
				ASSETCATALOG_COMPILER_APPICON_NAME = AppIcon;
				CODE_SIGN_STYLE = Automatic;
				DEVELOPMENT_TEAM = 2NCX2WCTH8;
				INFOPLIST_FILE = JFTFaceDetection/Info.plist;
				LD_RUNPATH_SEARCH_PATHS = "$(inherited) @executable_path/Frameworks";
				PRODUCT_BUNDLE_IDENTIFIER = jft0m.JFTFaceDetection;
				PRODUCT_NAME = "$(TARGET_NAME)";
				TARGETED_DEVICE_FAMILY = "1,2";
			};
			name = Release;
		};
/* End XCBuildConfiguration section */

/* Begin XCConfigurationList section */
		30213C611FA30085003DDBFF /* Build configuration list for PBXProject "JFTFaceDetection" */ = {
			isa = XCConfigurationList;
			buildConfigurations = (
				30213C7A1FA30085003DDBFF /* Debug */,
				30213C7B1FA30085003DDBFF /* Release */,
			);
			defaultConfigurationIsVisible = 0;
			defaultConfigurationName = Release;
		};
		30213C7C1FA30085003DDBFF /* Build configuration list for PBXNativeTarget "JFTFaceDetection" */ = {
			isa = XCConfigurationList;
			buildConfigurations = (
				30213C7D1FA30085003DDBFF /* Debug */,
				30213C7E1FA30085003DDBFF /* Release */,
			);
			defaultConfigurationIsVisible = 0;
			defaultConfigurationName = Release;
		};
/* End XCConfigurationList section */
	};
	rootObject = 30213C5E1FA30085003DDBFF /* Project object */;
}
